
Microsoft Visual Studio Solution File, Format Version 12.00
# Visual Studio Version 17
VisualStudioVersion = 17.9.34607.119
MinimumVisualStudioVersion = 10.0.40219.1
Project("{FAE04EC0-301F-11D3-BF4B-00C04F79EFBC}") = "SecondTask", "SecondTask\SecondTask.csproj", "{FB55F4A1-576D-4EAA-9618-48FD4B7EAC89}"
EndProject
Global
	GlobalSection(SolutionConfigurationPlatforms) = preSolution
		Debug|Any CPU = Debug|Any CPU
		Release|Any CPU = Release|Any CPU
	EndGlobalSection
	GlobalSection(ProjectConfigurationPlatforms) = postSolution
		{FB55F4A1-576D-4EAA-9618-48FD4B7EAC89}.Debug|Any CPU.ActiveCfg = Debug|Any CPU
		{FB55F4A1-576D-4EAA-9618-48FD4B7EAC89}.Debug|Any CPU.Build.0 = Debug|Any CPU
		{FB55F4A1-576D-4EAA-9618-48FD4B7EAC89}.Release|Any CPU.ActiveCfg = Release|Any CPU
		{FB55F4A1-576D-4EAA-9618-48FD4B7EAC89}.Release|Any CPU.Build.0 = Release|Any CPU
	EndGlobalSection
	GlobalSection(SolutionProperties) = preSolution
		HideSolutionNode = FALSE
	EndGlobalSection
	GlobalSection(ExtensibilityGlobals) = postSolution
		SolutionGuid = {1F910347-1C63-4A5F-8E00-EED53E8EAFDD}
	EndGlobalSection
EndGlobal
